
Microsoft Visual Studio Solution File, Format Version 12.00
# Visual Studio Version 16
VisualStudioVersion = 16.0.29306.81
MinimumVisualStudioVersion = 10.0.40219.1
Project("{FAE04EC0-301F-11D3-BF4B-00C04F79EFBC}") = "Quizr.API", "Quizr.API\Quizr.API.csproj", "{15DB7DD7-B545-4DF0-8800-63BD9E226D5A}"
EndProject
Global
	GlobalSection(SolutionConfigurationPlatforms) = preSolution
		Debug|Any CPU = Debug|Any CPU
		Release|Any CPU = Release|Any CPU
	EndGlobalSection
	GlobalSection(ProjectConfigurationPlatforms) = postSolution
		{15DB7DD7-B545-4DF0-8800-63BD9E226D5A}.Debug|Any CPU.ActiveCfg = Debug|Any CPU
		{15DB7DD7-B545-4DF0-8800-63BD9E226D5A}.Debug|Any CPU.Build.0 = Debug|Any CPU
		{15DB7DD7-B545-4DF0-8800-63BD9E226D5A}.Release|Any CPU.ActiveCfg = Release|Any CPU
		{15DB7DD7-B545-4DF0-8800-63BD9E226D5A}.Release|Any CPU.Build.0 = Release|Any CPU
	EndGlobalSection
	GlobalSection(SolutionProperties) = preSolution
		HideSolutionNode = FALSE
	EndGlobalSection
	GlobalSection(ExtensibilityGlobals) = postSolution
		SolutionGuid = {3A6F92CA-C87A-4717-A628-16826C9F458D}
	EndGlobalSection
EndGlobal
